
Microsoft Visual Studio Solution File, Format Version 12.00
# Visual Studio Version 16
VisualStudioVersion = 16.0.31005.135
MinimumVisualStudioVersion = 10.0.40219.1
Project("{9A19103F-16F7-4668-BE54-9A1E7A4F7556}") = "KampIntro", "KampIntro\KampIntro.csproj", "{3AD0D9EE-A03E-4D22-833F-D357360B1A3A}"
EndProject
Project("{9A19103F-16F7-4668-BE54-9A1E7A4F7556}") = "Donguler", "Donguler\Donguler.csproj", "{14D22666-60C1-4FCA-AF8A-108B158E8369}"
EndProject
Project("{9A19103F-16F7-4668-BE54-9A1E7A4F7556}") = "ClassIntro", "ClassIntro\ClassIntro.csproj", "{E5804BF7-D7E5-4B6A-8B12-608D02D5DE5C}"
EndProject
Project("{9A19103F-16F7-4668-BE54-9A1E7A4F7556}") = "Homework2_6", "Homework2_6\Homework2_6.csproj", "{8FA77F99-3BCD-4AD1-A282-3E2E7DA92823}"
EndProject
Project("{9A19103F-16F7-4668-BE54-9A1E7A4F7556}") = "Metotlar", "Metotlar\Metotlar.csproj", "{C277D10E-A25C-4CA7-8AFB-1F19BFE580DA}"
EndProject
Project("{9A19103F-16F7-4668-BE54-9A1E7A4F7556}") = "Matematik", "Matematik\Matematik.csproj", "{267271C7-9E25-4CE4-9D9D-F8A0C6B566DE}"
EndProject
Project("{9A19103F-16F7-4668-BE54-9A1E7A4F7556}") = "DegerVeReferansTipler", "DegerVeReferansTipler\DegerVeReferansTipler.csproj", "{58FF9F94-7B7A-4B81-A251-85737EFAC947}"
EndProject
Project("{9A19103F-16F7-4668-BE54-9A1E7A4F7556}") = "ClassMetotDemo", "ClassMetotDemo\ClassMetotDemo.csproj", "{770F62E7-245C-44F6-AB13-9AC7668B101A}"
EndProject
Project("{9A19103F-16F7-4668-BE54-9A1E7A4F7556}") = "OOP1", "OOP1\OOP1.csproj", "{66A97D7D-16B2-442A-BB00-659EF4B43247}"
EndProject
Project("{9A19103F-16F7-4668-BE54-9A1E7A4F7556}") = "Koleksiyonlar", "Koleksiyonlar\Koleksiyonlar.csproj", "{48433663-86F6-4E84-A93D-993ADCB883D6}"
EndProject
Project("{9A19103F-16F7-4668-BE54-9A1E7A4F7556}") = "GenericsIntro", "GenericsIntro\GenericsIntro.csproj", "{CE41F1D3-0A12-4D97-B3A3-EB4EA089EB83}"
EndProject
Project("{9A19103F-16F7-4668-BE54-9A1E7A4F7556}") = "ReferenceTypes", "ReferenceTypes\ReferenceTypes.csproj", "{51541653-3AB9-4111-9C87-6932DCCBC174}"
EndProject
Project("{9A19103F-16F7-4668-BE54-9A1E7A4F7556}") = "Constructors", "Constructors\Constructors.csproj", "{D69899AB-9FDD-4AEF-9B05-57A6245ABFB7}"
EndProject
Project("{9A19103F-16F7-4668-BE54-9A1E7A4F7556}") = "Generics", "Generics\Generics.csproj", "{E67E2909-FEEC-410E-BB06-697C0A11995E}"
EndProject
Project("{9A19103F-16F7-4668-BE54-9A1E7A4F7556}") = "OOP2", "OOP2\OOP2.csproj", "{5F3B5D27-BEE1-41B0-93C0-2F0B74E486C4}"
EndProject
Project("{9A19103F-16F7-4668-BE54-9A1E7A4F7556}") = "OOP3", "OOP3\OOP3.csproj", "{1B2F0D3D-A594-479C-8750-10995E15AD1F}"
EndProject
Project("{9A19103F-16F7-4668-BE54-9A1E7A4F7556}") = "Classes", "Classes\Classes.csproj", "{B2CF2C62-F16F-431E-AE9E-FC5BA345487C}"
EndProject
Project("{FAE04EC0-301F-11D3-BF4B-00C04F79EFBC}") = "RecapDemo1", "RecapDemo1\RecapDemo1.csproj", "{5B4153B6-7E08-4924-8735-53F96FFA12A3}"
EndProject
Project("{9A19103F-16F7-4668-BE54-9A1E7A4F7556}") = "Interfaces", "InterFaces\Interfaces.csproj", "{17FD6C38-5A6C-4C49-8C94-1787D8831D87}"
EndProject
Project("{9A19103F-16F7-4668-BE54-9A1E7A4F7556}") = "InterfacesDemo", "InterfacesDemo\InterfacesDemo.csproj", "{17E64CFB-F663-4492-AEB4-32251FC94B10}"
EndProject
Project("{9A19103F-16F7-4668-BE54-9A1E7A4F7556}") = "Inheritance", "Inheritance\Inheritance.csproj", "{1825ADEB-5389-4634-8A6D-E32BC6C89E10}"
EndProject
Project("{FAE04EC0-301F-11D3-BF4B-00C04F79EFBC}") = "GameProject", "GameProject\GameProject.csproj", "{B25A1BEE-C029-43C4-8F12-F24827D6DED2}"
EndProject
Global
	GlobalSection(SolutionConfigurationPlatforms) = preSolution
		Debug|Any CPU = Debug|Any CPU
		Release|Any CPU = Release|Any CPU
	EndGlobalSection
	GlobalSection(ProjectConfigurationPlatforms) = postSolution
		{3AD0D9EE-A03E-4D22-833F-D357360B1A3A}.Debug|Any CPU.ActiveCfg = Debug|Any CPU
		{3AD0D9EE-A03E-4D22-833F-D357360B1A3A}.Debug|Any CPU.Build.0 = Debug|Any CPU
		{3AD0D9EE-A03E-4D22-833F-D357360B1A3A}.Release|Any CPU.ActiveCfg = Release|Any CPU
		{3AD0D9EE-A03E-4D22-833F-D357360B1A3A}.Release|Any CPU.Build.0 = Release|Any CPU
		{14D22666-60C1-4FCA-AF8A-108B158E8369}.Debug|Any CPU.ActiveCfg = Debug|Any CPU
		{14D22666-60C1-4FCA-AF8A-108B158E8369}.Debug|Any CPU.Build.0 = Debug|Any CPU
		{14D22666-60C1-4FCA-AF8A-108B158E8369}.Release|Any CPU.ActiveCfg = Release|Any CPU
		{14D22666-60C1-4FCA-AF8A-108B158E8369}.Release|Any CPU.Build.0 = Release|Any CPU
		{E5804BF7-D7E5-4B6A-8B12-608D02D5DE5C}.Debug|Any CPU.ActiveCfg = Debug|Any CPU
		{E5804BF7-D7E5-4B6A-8B12-608D02D5DE5C}.Debug|Any CPU.Build.0 = Debug|Any CPU
		{E5804BF7-D7E5-4B6A-8B12-608D02D5DE5C}.Release|Any CPU.ActiveCfg = Release|Any CPU
		{E5804BF7-D7E5-4B6A-8B12-608D02D5DE5C}.Release|Any CPU.Build.0 = Release|Any CPU
		{8FA77F99-3BCD-4AD1-A282-3E2E7DA92823}.Debug|Any CPU.ActiveCfg = Debug|Any CPU
		{8FA77F99-3BCD-4AD1-A282-3E2E7DA92823}.Debug|Any CPU.Build.0 = Debug|Any CPU
		{8FA77F99-3BCD-4AD1-A282-3E2E7DA92823}.Release|Any CPU.ActiveCfg = Release|Any CPU
		{8FA77F99-3BCD-4AD1-A282-3E2E7DA92823}.Release|Any CPU.Build.0 = Release|Any CPU
		{C277D10E-A25C-4CA7-8AFB-1F19BFE580DA}.Debug|Any CPU.ActiveCfg = Debug|Any CPU
		{C277D10E-A25C-4CA7-8AFB-1F19BFE580DA}.Debug|Any CPU.Build.0 = Debug|Any CPU
		{C277D10E-A25C-4CA7-8AFB-1F19BFE580DA}.Release|Any CPU.ActiveCfg = Release|Any CPU
		{C277D10E-A25C-4CA7-8AFB-1F19BFE580DA}.Release|Any CPU.Build.0 = Release|Any CPU
		{267271C7-9E25-4CE4-9D9D-F8A0C6B566DE}.Debug|Any CPU.ActiveCfg = Debug|Any CPU
		{267271C7-9E25-4CE4-9D9D-F8A0C6B566DE}.Debug|Any CPU.Build.0 = Debug|Any CPU
		{267271C7-9E25-4CE4-9D9D-F8A0C6B566DE}.Release|Any CPU.ActiveCfg = Release|Any CPU
		{267271C7-9E25-4CE4-9D9D-F8A0C6B566DE}.Release|Any CPU.Build.0 = Release|Any CPU
		{58FF9F94-7B7A-4B81-A251-85737EFAC947}.Debug|Any CPU.ActiveCfg = Debug|Any CPU
		{58FF9F94-7B7A-4B81-A251-85737EFAC947}.Debug|Any CPU.Build.0 = Debug|Any CPU
		{58FF9F94-7B7A-4B81-A251-85737EFAC947}.Release|Any CPU.ActiveCfg = Release|Any CPU
		{58FF9F94-7B7A-4B81-A251-85737EFAC947}.Release|Any CPU.Build.0 = Release|Any CPU
		{770F62E7-245C-44F6-AB13-9AC7668B101A}.Debug|Any CPU.ActiveCfg = Debug|Any CPU
		{770F62E7-245C-44F6-AB13-9AC7668B101A}.Debug|Any CPU.Build.0 = Debug|Any CPU
		{770F62E7-245C-44F6-AB13-9AC7668B101A}.Release|Any CPU.ActiveCfg = Release|Any CPU
		{770F62E7-245C-44F6-AB13-9AC7668B101A}.Release|Any CPU.Build.0 = Release|Any CPU
		{66A97D7D-16B2-442A-BB00-659EF4B43247}.Debug|Any CPU.ActiveCfg = Debug|Any CPU
		{66A97D7D-16B2-442A-BB00-659EF4B43247}.Debug|Any CPU.Build.0 = Debug|Any CPU
		{66A97D7D-16B2-442A-BB00-659EF4B43247}.Release|Any CPU.ActiveCfg = Release|Any CPU
		{66A97D7D-16B2-442A-BB00-659EF4B43247}.Release|Any CPU.Build.0 = Release|Any CPU
		{48433663-86F6-4E84-A93D-993ADCB883D6}.Debug|Any CPU.ActiveCfg = Debug|Any CPU
		{48433663-86F6-4E84-A93D-993ADCB883D6}.Debug|Any CPU.Build.0 = Debug|Any CPU
		{48433663-86F6-4E84-A93D-993ADCB883D6}.Release|Any CPU.ActiveCfg = Release|Any CPU
		{48433663-86F6-4E84-A93D-993ADCB883D6}.Release|Any CPU.Build.0 = Release|Any CPU
		{CE41F1D3-0A12-4D97-B3A3-EB4EA089EB83}.Debug|Any CPU.ActiveCfg = Debug|Any CPU
		{CE41F1D3-0A12-4D97-B3A3-EB4EA089EB83}.Debug|Any CPU.Build.0 = Debug|Any CPU
		{CE41F1D3-0A12-4D97-B3A3-EB4EA089EB83}.Release|Any CPU.ActiveCfg = Release|Any CPU
		{CE41F1D3-0A12-4D97-B3A3-EB4EA089EB83}.Release|Any CPU.Build.0 = Release|Any CPU
		{51541653-3AB9-4111-9C87-6932DCCBC174}.Debug|Any CPU.ActiveCfg = Debug|Any CPU
		{51541653-3AB9-4111-9C87-6932DCCBC174}.Debug|Any CPU.Build.0 = Debug|Any CPU
		{51541653-3AB9-4111-9C87-6932DCCBC174}.Release|Any CPU.ActiveCfg = Release|Any CPU
		{51541653-3AB9-4111-9C87-6932DCCBC174}.Release|Any CPU.Build.0 = Release|Any CPU
		{D69899AB-9FDD-4AEF-9B05-57A6245ABFB7}.Debug|Any CPU.ActiveCfg = Debug|Any CPU
		{D69899AB-9FDD-4AEF-9B05-57A6245ABFB7}.Debug|Any CPU.Build.0 = Debug|Any CPU
		{D69899AB-9FDD-4AEF-9B05-57A6245ABFB7}.Release|Any CPU.ActiveCfg = Release|Any CPU
		{D69899AB-9FDD-4AEF-9B05-57A6245ABFB7}.Release|Any CPU.Build.0 = Release|Any CPU
		{E67E2909-FEEC-410E-BB06-697C0A11995E}.Debug|Any CPU.ActiveCfg = Debug|Any CPU
		{E67E2909-FEEC-410E-BB06-697C0A11995E}.Debug|Any CPU.Build.0 = Debug|Any CPU
		{E67E2909-FEEC-410E-BB06-697C0A11995E}.Release|Any CPU.ActiveCfg = Release|Any CPU
		{E67E2909-FEEC-410E-BB06-697C0A11995E}.Release|Any CPU.Build.0 = Release|Any CPU
		{5F3B5D27-BEE1-41B0-93C0-2F0B74E486C4}.Debug|Any CPU.ActiveCfg = Debug|Any CPU
		{5F3B5D27-BEE1-41B0-93C0-2F0B74E486C4}.Debug|Any CPU.Build.0 = Debug|Any CPU
		{5F3B5D27-BEE1-41B0-93C0-2F0B74E486C4}.Release|Any CPU.ActiveCfg = Release|Any CPU
		{5F3B5D27-BEE1-41B0-93C0-2F0B74E486C4}.Release|Any CPU.Build.0 = Release|Any CPU
		{1B2F0D3D-A594-479C-8750-10995E15AD1F}.Debug|Any CPU.ActiveCfg = Debug|Any CPU
		{1B2F0D3D-A594-479C-8750-10995E15AD1F}.Debug|Any CPU.Build.0 = Debug|Any CPU
		{1B2F0D3D-A594-479C-8750-10995E15AD1F}.Release|Any CPU.ActiveCfg = Release|Any CPU
		{1B2F0D3D-A594-479C-8750-10995E15AD1F}.Release|Any CPU.Build.0 = Release|Any CPU
		{B2CF2C62-F16F-431E-AE9E-FC5BA345487C}.Debug|Any CPU.ActiveCfg = Debug|Any CPU
		{B2CF2C62-F16F-431E-AE9E-FC5BA345487C}.Debug|Any CPU.Build.0 = Debug|Any CPU
		{B2CF2C62-F16F-431E-AE9E-FC5BA345487C}.Release|Any CPU.ActiveCfg = Release|Any CPU
		{B2CF2C62-F16F-431E-AE9E-FC5BA345487C}.Release|Any CPU.Build.0 = Release|Any CPU
		{5B4153B6-7E08-4924-8735-53F96FFA12A3}.Debug|Any CPU.ActiveCfg = Debug|Any CPU
		{5B4153B6-7E08-4924-8735-53F96FFA12A3}.Debug|Any CPU.Build.0 = Debug|Any CPU
		{5B4153B6-7E08-4924-8735-53F96FFA12A3}.Release|Any CPU.ActiveCfg = Release|Any CPU
		{5B4153B6-7E08-4924-8735-53F96FFA12A3}.Release|Any CPU.Build.0 = Release|Any CPU
		{17FD6C38-5A6C-4C49-8C94-1787D8831D87}.Debug|Any CPU.ActiveCfg = Debug|Any CPU
		{17FD6C38-5A6C-4C49-8C94-1787D8831D87}.Debug|Any CPU.Build.0 = Debug|Any CPU
		{17FD6C38-5A6C-4C49-8C94-1787D8831D87}.Release|Any CPU.ActiveCfg = Release|Any CPU
		{17FD6C38-5A6C-4C49-8C94-1787D8831D87}.Release|Any CPU.Build.0 = Release|Any CPU
		{17E64CFB-F663-4492-AEB4-32251FC94B10}.Debug|Any CPU.ActiveCfg = Debug|Any CPU
		{17E64CFB-F663-4492-AEB4-32251FC94B10}.Debug|Any CPU.Build.0 = Debug|Any CPU
		{17E64CFB-F663-4492-AEB4-32251FC94B10}.Release|Any CPU.ActiveCfg = Release|Any CPU
		{17E64CFB-F663-4492-AEB4-32251FC94B10}.Release|Any CPU.Build.0 = Release|Any CPU
		{1825ADEB-5389-4634-8A6D-E32BC6C89E10}.Debug|Any CPU.ActiveCfg = Debug|Any CPU
		{1825ADEB-5389-4634-8A6D-E32BC6C89E10}.Debug|Any CPU.Build.0 = Debug|Any CPU
		{1825ADEB-5389-4634-8A6D-E32BC6C89E10}.Release|Any CPU.ActiveCfg = Release|Any CPU
		{1825ADEB-5389-4634-8A6D-E32BC6C89E10}.Release|Any CPU.Build.0 = Release|Any CPU
		{B25A1BEE-C029-43C4-8F12-F24827D6DED2}.Debug|Any CPU.ActiveCfg = Debug|Any CPU
		{B25A1BEE-C029-43C4-8F12-F24827D6DED2}.Debug|Any CPU.Build.0 = Debug|Any CPU
		{B25A1BEE-C029-43C4-8F12-F24827D6DED2}.Release|Any CPU.ActiveCfg = Release|Any CPU
		{B25A1BEE-C029-43C4-8F12-F24827D6DED2}.Release|Any CPU.Build.0 = Release|Any CPU
	EndGlobalSection
	GlobalSection(SolutionProperties) = preSolution
		HideSolutionNode = FALSE
	EndGlobalSection
	GlobalSection(ExtensibilityGlobals) = postSolution
		SolutionGuid = {1668DBFB-4AA3-4A71-9DC8-BCFA4AE67012}
	EndGlobalSection
EndGlobal
